
Microsoft Visual Studio Solution File, Format Version 12.00
# Visual Studio 15
VisualStudioVersion = 15.0.26730.8
MinimumVisualStudioVersion = 10.0.40219.1
Project("{9A19103F-16F7-4668-BE54-9A1E7A4F7556}") = "Starts2000.EFCoreCodeFirst", "Starts2000.EFCoreCodeFirst\Starts2000.EFCoreCodeFirst.csproj", "{CFDC2A25-F4A2-4AE0-AEBB-9D9CA145669A}"
EndProject
Project("{9A19103F-16F7-4668-BE54-9A1E7A4F7556}") = "Starts2000.EFCoreCodeFirst.Test", "Starts2000.EFCoreCodeFirst.Test\Starts2000.EFCoreCodeFirst.Test.csproj", "{C275E57D-36BD-4F46-97A9-5CCA86425615}"
EndProject
Project("{9A19103F-16F7-4668-BE54-9A1E7A4F7556}") = "Starts2000.EFCoreDbFirst", "Starts2000.EFCoreDbFirst\Starts2000.EFCoreDbFirst.csproj", "{4CED9D7E-8249-40D7-8B28-A464417A1E30}"
EndProject
Project("{9A19103F-16F7-4668-BE54-9A1E7A4F7556}") = "Starts2000.EFCoreDbFirst.Test", "Starts2000.EFCoreDbFirst.Test\Starts2000.EFCoreDbFirst.Test.csproj", "{DBD9F12F-2337-4533-AD35-C5CB67A06191}"
EndProject
Project("{2150E333-8FDC-42A3-9474-1A3956D46DE8}") = "Solution Items", "Solution Items", "{25C628EA-2FFD-43F8-8CB2-2CECB9676225}"
	ProjectSection(SolutionItems) = preProject
		README.MD = README.MD
	EndProjectSection
EndProject
Global
	GlobalSection(SolutionConfigurationPlatforms) = preSolution
		Debug|Any CPU = Debug|Any CPU
		Release|Any CPU = Release|Any CPU
	EndGlobalSection
	GlobalSection(ProjectConfigurationPlatforms) = postSolution
		{CFDC2A25-F4A2-4AE0-AEBB-9D9CA145669A}.Debug|Any CPU.ActiveCfg = Debug|Any CPU
		{CFDC2A25-F4A2-4AE0-AEBB-9D9CA145669A}.Debug|Any CPU.Build.0 = Debug|Any CPU
		{CFDC2A25-F4A2-4AE0-AEBB-9D9CA145669A}.Release|Any CPU.ActiveCfg = Release|Any CPU
		{CFDC2A25-F4A2-4AE0-AEBB-9D9CA145669A}.Release|Any CPU.Build.0 = Release|Any CPU
		{C275E57D-36BD-4F46-97A9-5CCA86425615}.Debug|Any CPU.ActiveCfg = Debug|Any CPU
		{C275E57D-36BD-4F46-97A9-5CCA86425615}.Debug|Any CPU.Build.0 = Debug|Any CPU
		{C275E57D-36BD-4F46-97A9-5CCA86425615}.Release|Any CPU.ActiveCfg = Release|Any CPU
		{C275E57D-36BD-4F46-97A9-5CCA86425615}.Release|Any CPU.Build.0 = Release|Any CPU
		{4CED9D7E-8249-40D7-8B28-A464417A1E30}.Debug|Any CPU.ActiveCfg = Debug|Any CPU
		{4CED9D7E-8249-40D7-8B28-A464417A1E30}.Debug|Any CPU.Build.0 = Debug|Any CPU
		{4CED9D7E-8249-40D7-8B28-A464417A1E30}.Release|Any CPU.ActiveCfg = Release|Any CPU
		{4CED9D7E-8249-40D7-8B28-A464417A1E30}.Release|Any CPU.Build.0 = Release|Any CPU
		{DBD9F12F-2337-4533-AD35-C5CB67A06191}.Debug|Any CPU.ActiveCfg = Debug|Any CPU
		{DBD9F12F-2337-4533-AD35-C5CB67A06191}.Debug|Any CPU.Build.0 = Debug|Any CPU
		{DBD9F12F-2337-4533-AD35-C5CB67A06191}.Release|Any CPU.ActiveCfg = Release|Any CPU
		{DBD9F12F-2337-4533-AD35-C5CB67A06191}.Release|Any CPU.Build.0 = Release|Any CPU
	EndGlobalSection
	GlobalSection(SolutionProperties) = preSolution
		HideSolutionNode = FALSE
	EndGlobalSection
	GlobalSection(ExtensibilityGlobals) = postSolution
		SolutionGuid = {3BC2CD0F-A6C6-4F59-A592-9FE9B1127B6E}
	EndGlobalSection
EndGlobal
